[[tools.dotnet]]
version = "10.0.102"
backend = "vfox:mise-plugins/vfox-dotnet"
"platforms.linux-arm64" = { url = "https://dot.net/v1/dotnet-install.sh"}
"platforms.linux-x64" = { url = "https://dot.net/v1/dotnet-install.sh"}
"platforms.macos-arm64" = { url = "https://dot.net/v1/dotnet-install.sh"}
"platforms.macos-x64" = { url = "https://dot.net/v1/dotnet-install.sh"}
"platforms.windows-x64" = { url = "https://dot.net/v1/dotnet-install.ps1"}

[[tools.node]]
version = "25.6.0"
backend = "core:node"
"platforms.linux-arm64" = { checksum = "sha256:2e66dabc6cb170347058132d164acca15b61503a0f998346c5134ce3072e003b", url = "https://nodejs.org/dist/v25.6.0/node-v25.6.0-linux-arm64.tar.gz"}
"platforms.linux-x64" = { checksum = "sha256:a218fdaee14cb399f6b33925d4615a4046ba8db144f6e883c3b81e78937429eb", url = "https://nodejs.org/dist/v25.6.0/node-v25.6.0-linux-x64.tar.gz"}
"platforms.macos-arm64" = { checksum = "sha256:5bfb537a913368152c5eba6aafe43ec834b23ee0ca4b96e5e18253937fe4103e", url = "https://nodejs.org/dist/v25.6.0/node-v25.6.0-darwin-arm64.tar.gz"}
"platforms.macos-x64" = { checksum = "sha256:b8bb25a7fd2fa5c638aa0fa9722ba351b5393ac5ca00aceea6578164b88e7761", url = "https://nodejs.org/dist/v25.6.0/node-v25.6.0-darwin-x64.tar.gz"}
"platforms.windows-x64" = { checksum = "sha256:133686ade5cd1e1686afcf2d688530fc35afef649ddf6a491e4705610727bd23", url = "https://nodejs.org/dist/v25.6.0/node-v25.6.0-win-x64.zip"}

[[tools."npm:@angular/cli"]]
version = "21.1.3"
backend = "npm:@angular/cli"

[[tools."npm:@angular/language-server"]]
version = "21.1.3"
backend = "npm:@angular/language-server"

[[tools."npm:@vtsls/language-server"]]
version = "0.3.0"
backend = "npm:@vtsls/language-server"

[[tools."npm:eslint_d"]]
version = "14.3.0"
backend = "npm:eslint_d"

[[tools."npm:oxlint"]]
version = "1.46.0"
backend = "npm:oxlint"

[[tools.prettier]]
version = "3.7.4"
backend = "npm:prettier"
